
Microsoft Visual Studio Solution File, Format Version 12.00
# Visual Studio Version 17
VisualStudioVersion = 17.13.35931.197 d17.13
MinimumVisualStudioVersion = 10.0.40219.1
Project("{FAE04EC0-301F-11D3-BF4B-00C04F79EFBC}") = "WPFApp", "WPFApp\WPFApp.csproj", "{B49E3643-F625-4DC3-822B-8C8D28FADFCF}"
EndProject
Global
	GlobalSection(SolutionConfigurationPlatforms) = preSolution
		Debug|Any CPU = Debug|Any CPU
		Release|Any CPU = Release|Any CPU
	EndGlobalSection
	GlobalSection(ProjectConfigurationPlatforms) = postSolution
		{B49E3643-F625-4DC3-822B-8C8D28FADFCF}.Debug|Any CPU.ActiveCfg = Debug|Any CPU
		{B49E3643-F625-4DC3-822B-8C8D28FADFCF}.Debug|Any CPU.Build.0 = Debug|Any CPU
		{B49E3643-F625-4DC3-822B-8C8D28FADFCF}.Release|Any CPU.ActiveCfg = Release|Any CPU
		{B49E3643-F625-4DC3-822B-8C8D28FADFCF}.Release|Any CPU.Build.0 = Release|Any CPU
	EndGlobalSection
	GlobalSection(SolutionProperties) = preSolution
		HideSolutionNode = FALSE
	EndGlobalSection
	GlobalSection(ExtensibilityGlobals) = postSolution
		SolutionGuid = {DC059E1C-56F1-45C8-A1C4-2966B0DD2C84}
	EndGlobalSection
EndGlobal
